{
  "nodes": {
    "darwin": {
      "inputs": {
        "nixpkgs": [
          "nixpkgs"
        ]
      },
      "locked": {
        "lastModified": 1741794429,
        "narHash": "sha256-4J46D8sOZ3UroVyGYKYMU3peq9gv0tjRX0KbZihWhhw=",
        "owner": "lnl7",
        "repo": "nix-darwin",
        "rev": "2fb6b09b678a1ab258cf88e3ea4a966edceec6a8",
        "type": "github"
      },
      "original": {
        "owner": "lnl7",
        "repo": "nix-darwin",
        "type": "github"
      }
    },
    "home-manager": {
      "inputs": {
        "nixpkgs": [
          "nixpkgs"
        ]
      },
      "locked": {
        "lastModified": 1741873031,
        "narHash": "sha256-xQJVva9W3OrfRM6/RN2S0hCAomPzLRbleXzFZyzKz+c=",
        "owner": "nix-community",
        "repo": "home-manager",
        "rev": "7832b5aa95f68a421dc9b4b3c17dcf942ac6145b",
        "type": "github"
      },
      "original": {
        "owner": "nix-community",
        "repo": "home-manager",
        "type": "github"
      }
    },
    "nixpkgs": {
      "locked": {
        "lastModified": 1741708242,
        "narHash": "sha256-cNRqdQD4sZpN7JLqxVOze4+WsWTmv2DGH0wNCOVwrWc=",
        "owner": "nixos",
        "repo": "nixpkgs",
        "rev": "b62d2a95c72fb068aecd374a7262b37ed92df82b",
        "type": "github"
      },
      "original": {
        "owner": "nixos",
        "ref": "nixpkgs-unstable",
        "repo": "nixpkgs",
        "type": "github"
      }
    },
    "root": {
      "inputs": {
        "darwin": "darwin",
        "home-manager": "home-manager",
        "nixpkgs": "nixpkgs"
      }
    }
  },
  "root": "root",
  "version": 7
}
