{
  "name": "opencode",
  "lockfileVersion": 3,
  "requires": true,
  "packages": {
    "": {
      "dependencies": {
        "opencode-ai": "^0.5.13"
      }
    },
    "node_modules/opencode-ai": {
      "version": "0.5.13",
      "resolved": "https://registry.npmjs.org/opencode-ai/-/opencode-ai-0.5.13.tgz",
      "integrity": "sha512-ZQZ7cORyy3rcAYhYnvKJrA8RVijFbA2DLfQqtimkzKeU1dxgCs3e8Ikm7YzsqxgZGoa3N0tOuo3M0Pu6/gWDkw==",
      "hasInstallScript": true,
      "bin": {
        "opencode": "bin/opencode"
      },
      "optionalDependencies": {
        "opencode-darwin-arm64": "0.5.13",
        "opencode-darwin-x64": "0.5.13",
        "opencode-darwin-x64-baseline": "0.5.13",
        "opencode-linux-arm64": "0.5.13",
        "opencode-linux-x64": "0.5.13",
        "opencode-linux-x64-baseline": "0.5.13",
        "opencode-windows-x64": "0.5.13"
      }
    },
    "node_modules/opencode-darwin-arm64": {
      "version": "0.5.13",
      "resolved": "https://registry.npmjs.org/opencode-darwin-arm64/-/opencode-darwin-arm64-0.5.13.tgz",
      "integrity": "sha512-JxgofsRcXv0vk6YsASkDbREkwsvizPbWx0dl4XqCyBMveP1lYMdMa+oIdgP6NtEUfhE8RBUNh0QWUNLdn1QleA==",
      "cpu": [
        "arm64"
      ],
      "optional": true,
      "os": [
        "darwin"
      ]
    },
    "node_modules/opencode-darwin-x64": {
      "version": "0.5.13",
      "resolved": "https://registry.npmjs.org/opencode-darwin-x64/-/opencode-darwin-x64-0.5.13.tgz",
      "integrity": "sha512-f7abrDzF3scnmts/jaGpa6KfKdntN8lHtC7MfDAqEp8mfESB+jWkMKQGkGZnm93FZFP+h2LZD08aCNQSFQBw2A==",
      "cpu": [
        "x64"
      ],
      "optional": true,
      "os": [
        "darwin"
      ]
    },
    "node_modules/opencode-darwin-x64-baseline": {
      "version": "0.5.13",
      "resolved": "https://registry.npmjs.org/opencode-darwin-x64-baseline/-/opencode-darwin-x64-baseline-0.5.13.tgz",
      "integrity": "sha512-4rNEmK35hkbWdjJAgX5pHUUSoD/GXCfKGE0SjsneYBqENYDAQ6J8TFISfLNrzVrNzlr3j43Ytw9LACMJAtcLEA==",
      "cpu": [
        "x64-baseline"
      ],
      "optional": true,
      "os": [
        "darwin"
      ]
    },
    "node_modules/opencode-linux-arm64": {
      "version": "0.5.13",
      "resolved": "https://registry.npmjs.org/opencode-linux-arm64/-/opencode-linux-arm64-0.5.13.tgz",
      "integrity": "sha512-ljyO/Q8F+b2VGXMY959lmQzWEHIq+hr8qpPqgqUpcf1SqYGu+YmANqayUoBqoJyLB90fSbwVV3j1L9NeL97Y/A==",
      "cpu": [
        "arm64"
      ],
      "optional": true,
      "os": [
        "linux"
      ]
    },
    "node_modules/opencode-linux-x64": {
      "version": "0.5.13",
      "resolved": "https://registry.npmjs.org/opencode-linux-x64/-/opencode-linux-x64-0.5.13.tgz",
      "integrity": "sha512-vPh7Z+2WSM3kgCMvE4oqQH/yveSjDICXe1T5Py5qMq/Ma2dNNY5FidWcZ3S3uFNeeYSysJQZEaFyiuIiidmD1w==",
      "cpu": [
        "x64"
      ],
      "optional": true,
      "os": [
        "linux"
      ]
    },
    "node_modules/opencode-linux-x64-baseline": {
      "version": "0.5.13",
      "resolved": "https://registry.npmjs.org/opencode-linux-x64-baseline/-/opencode-linux-x64-baseline-0.5.13.tgz",
      "integrity": "sha512-PnWuovoobs4kOtOfoAe6wu4vzekmyBSIrYScaAeHVpka93ZZIf5pFYlPTxm3muPO4ALVz1PagoiN8ddGyiwkKw==",
      "cpu": [
        "x64-baseline"
      ],
      "optional": true,
      "os": [
        "linux"
      ]
    },
    "node_modules/opencode-windows-x64": {
      "version": "0.5.13",
      "resolved": "https://registry.npmjs.org/opencode-windows-x64/-/opencode-windows-x64-0.5.13.tgz",
      "integrity": "sha512-s0u0BTyZfCwKNtlopyGbXCAQrDq+3W9iac1ONx3Qglgq7KyZY4p5+lYN93iyW2Dl8CvPHTo32N2dSDPD4v38Sg==",
      "cpu": [
        "x64"
      ],
      "optional": true,
      "os": [
        "win32"
      ]
    }
  }
}
